
Microsoft Visual Studio Solution File, Format Version 12.00
# Visual Studio Version 17
VisualStudioVersion = 17.1.32421.90
MinimumVisualStudioVersion = 10.0.40219.1
Project("{9A19103F-16F7-4668-BE54-9A1E7A4F7556}") = "DAL", "DAL\DAL.csproj", "{428A3EF4-81B9-4A4D-94F2-5F347E2B4C83}"
EndProject
Project("{9A19103F-16F7-4668-BE54-9A1E7A4F7556}") = "MAP", "MAP\MAP.csproj", "{CE513552-F0B0-45D7-9F7D-12A4523BDFE8}"
EndProject
Project("{9A19103F-16F7-4668-BE54-9A1E7A4F7556}") = "BLL", "BLL\BLL.csproj", "{AA5DA3E7-57B7-42F7-BE07-F01AF5E94009}"
EndProject
Project("{9A19103F-16F7-4668-BE54-9A1E7A4F7556}") = "ENTITIES", "ENTITIES\ENTITIES.csproj", "{79D3DE86-ED02-4F9A-8B38-D9AED51932A4}"
EndProject
Project("{9A19103F-16F7-4668-BE54-9A1E7A4F7556}") = "BLOGODEV", "BLOGODEV\BLOGODEV.csproj", "{78E36EA8-B4A9-4B6E-8096-5E2F642C52EC}"
EndProject
Global
	GlobalSection(SolutionConfigurationPlatforms) = preSolution
		Debug|Any CPU = Debug|Any CPU
		Release|Any CPU = Release|Any CPU
	EndGlobalSection
	GlobalSection(ProjectConfigurationPlatforms) = postSolution
		{428A3EF4-81B9-4A4D-94F2-5F347E2B4C83}.Debug|Any CPU.ActiveCfg = Debug|Any CPU
		{428A3EF4-81B9-4A4D-94F2-5F347E2B4C83}.Debug|Any CPU.Build.0 = Debug|Any CPU
		{428A3EF4-81B9-4A4D-94F2-5F347E2B4C83}.Release|Any CPU.ActiveCfg = Release|Any CPU
		{428A3EF4-81B9-4A4D-94F2-5F347E2B4C83}.Release|Any CPU.Build.0 = Release|Any CPU
		{CE513552-F0B0-45D7-9F7D-12A4523BDFE8}.Debug|Any CPU.ActiveCfg = Debug|Any CPU
		{CE513552-F0B0-45D7-9F7D-12A4523BDFE8}.Debug|Any CPU.Build.0 = Debug|Any CPU
		{CE513552-F0B0-45D7-9F7D-12A4523BDFE8}.Release|Any CPU.ActiveCfg = Release|Any CPU
		{CE513552-F0B0-45D7-9F7D-12A4523BDFE8}.Release|Any CPU.Build.0 = Release|Any CPU
		{AA5DA3E7-57B7-42F7-BE07-F01AF5E94009}.Debug|Any CPU.ActiveCfg = Debug|Any CPU
		{AA5DA3E7-57B7-42F7-BE07-F01AF5E94009}.Debug|Any CPU.Build.0 = Debug|Any CPU
		{AA5DA3E7-57B7-42F7-BE07-F01AF5E94009}.Release|Any CPU.ActiveCfg = Release|Any CPU
		{AA5DA3E7-57B7-42F7-BE07-F01AF5E94009}.Release|Any CPU.Build.0 = Release|Any CPU
		{79D3DE86-ED02-4F9A-8B38-D9AED51932A4}.Debug|Any CPU.ActiveCfg = Debug|Any CPU
		{79D3DE86-ED02-4F9A-8B38-D9AED51932A4}.Debug|Any CPU.Build.0 = Debug|Any CPU
		{79D3DE86-ED02-4F9A-8B38-D9AED51932A4}.Release|Any CPU.ActiveCfg = Release|Any CPU
		{79D3DE86-ED02-4F9A-8B38-D9AED51932A4}.Release|Any CPU.Build.0 = Release|Any CPU
		{78E36EA8-B4A9-4B6E-8096-5E2F642C52EC}.Debug|Any CPU.ActiveCfg = Debug|Any CPU
		{78E36EA8-B4A9-4B6E-8096-5E2F642C52EC}.Debug|Any CPU.Build.0 = Debug|Any CPU
		{78E36EA8-B4A9-4B6E-8096-5E2F642C52EC}.Release|Any CPU.ActiveCfg = Release|Any CPU
		{78E36EA8-B4A9-4B6E-8096-5E2F642C52EC}.Release|Any CPU.Build.0 = Release|Any CPU
	EndGlobalSection
	GlobalSection(SolutionProperties) = preSolution
		HideSolutionNode = FALSE
	EndGlobalSection
	GlobalSection(ExtensibilityGlobals) = postSolution
		SolutionGuid = {26A2FEE5-7535-4883-B625-DE4A7F11B4B3}
	EndGlobalSection
EndGlobal
